// !$*UTF8*$!
{
	archiveVersion = 1;
	classes = {
	};
	objectVersion = 77;
	objects = {

/* Begin PBXBuildFile section */
		2CBC89752E33EFA700C16571 /* Friend.swift in Sources */ = {isa = PBXBuildFile; fileRef = 2CBC89742E33EFA700C16571 /* Friend.swift */; };
/* End PBXBuildFile section */

/* Begin PBXContainerItemProxy section */
		2CBC89582E33EF2B00C16571 /* PBXContainerItemProxy */ = {
			isa = PBXContainerItemProxy;
			containerPortal = 2CBC89422E33EF2800C16571 /* Project object */;
			proxyType = 1;
			remoteGlobalIDString = 2CBC89492E33EF2900C16571;
			remoteInfo = BirthdayApp;
		};
		2CBC89622E33EF2B00C16571 /* PBXContainerItemProxy */ = {
			isa = PBXContainerItemProxy;
			containerPortal = 2CBC89422E33EF2800C16571 /* Project object */;
			proxyType = 1;
			remoteGlobalIDString = 2CBC89492E33EF2900C16571;
			remoteInfo = BirthdayApp;
		};
/* End PBXContainerItemProxy section */

/* Begin PBXFileReference section */
		2CBC894A2E33EF2900C16571 /* BirthdayApp.app */ = {isa = PBXFileReference; explicitFileType = wrapper.application; includeInIndex = 0; path = BirthdayApp.app; sourceTree = BUILT_PRODUCTS_DIR; };
		2CBC89572E33EF2B00C16571 /* BirthdayAppTests.xctest */ = {isa = PBXFileReference; explicitFileType = wrapper.cfbundle; includeInIndex = 0; path = BirthdayAppTests.xctest; sourceTree = BUILT_PRODUCTS_DIR; };
		2CBC89612E33EF2B00C16571 /* BirthdayAppUITests.xctest */ = {isa = PBXFileReference; explicitFileType = wrapper.cfbundle; includeInIndex = 0; path = BirthdayAppUITests.xctest; sourceTree = BUILT_PRODUCTS_DIR; };
		2CBC89742E33EFA700C16571 /* Friend.swift */ = {isa = PBXFileReference; lastKnownFileType = sourcecode.swift; path = Friend.swift; sourceTree = "<group>"; };
/* End PBXFileReference section */

/* Begin PBXFileSystemSynchronizedRootGroup section */
		2CBC894C2E33EF2900C16571 /* BirthdayApp */ = {
			isa = PBXFileSystemSynchronizedRootGroup;
			path = BirthdayApp;
			sourceTree = "<group>";
		};
		2CBC895A2E33EF2B00C16571 /* BirthdayAppTests */ = {
			isa = PBXFileSystemSynchronizedRootGroup;
			path = BirthdayAppTests;
			sourceTree = "<group>";
		};
		2CBC89642E33EF2B00C16571 /* BirthdayAppUITests */ = {
			isa = PBXFileSystemSynchronizedRootGroup;
			path = BirthdayAppUITests;
			sourceTree = "<group>";
		};
/* End PBXFileSystemSynchronizedRootGroup section */

/* Begin PBXFrameworksBuildPhase section */
		2CBC89472E33EF2900C16571 /* Frameworks */ = {
			isa = PBXFrameworksBuildPhase;
			buildActionMask = 2147483647;
			files = (
			);
			runOnlyForDeploymentPostprocessing = 0;
		};
		2CBC89542E33EF2B00C16571 /* Frameworks */ = {
			isa = PBXFrameworksBuildPhase;
			buildActionMask = 2147483647;
			files = (
			);
			runOnlyForDeploymentPostprocessing = 0;
		};
		2CBC895E2E33EF2B00C16571 /* Frameworks */ = {
			isa = PBXFrameworksBuildPhase;
			buildActionMask = 2147483647;
			files = (
			);
			runOnlyForDeploymentPostprocessing = 0;
		};
/* End PBXFrameworksBuildPhase section */

/* Begin PBXGroup section */
		2CBC89412E33EF2800C16571 = {
			isa = PBXGroup;
			children = (
				2CBC89742E33EFA700C16571 /* Friend.swift */,
				2CBC894C2E33EF2900C16571 /* BirthdayApp */,
				2CBC895A2E33EF2B00C16571 /* BirthdayAppTests */,
				2CBC89642E33EF2B00C16571 /* BirthdayAppUITests */,
				2CBC894B2E33EF2900C16571 /* Products */,
			);
			sourceTree = "<group>";
		};
		2CBC894B2E33EF2900C16571 /* Products */ = {
			isa = PBXGroup;
			children = (
				2CBC894A2E33EF2900C16571 /* BirthdayApp.app */,
				2CBC89572E33EF2B00C16571 /* BirthdayAppTests.xctest */,
				2CBC89612E33EF2B00C16571 /* BirthdayAppUITests.xctest */,
			);
			name = Products;
			sourceTree = "<group>";
		};
/* End PBXGroup section */

/* Begin PBXNativeTarget section */
		2CBC89492E33EF2900C16571 /* BirthdayApp */ = {
			isa = PBXNativeTarget;
			buildConfigurationList = 2CBC896B2E33EF2B00C16571 /* Build configuration list for PBXNativeTarget "BirthdayApp" */;
			buildPhases = (
				2CBC89462E33EF2900C16571 /* Sources */,
				2CBC89472E33EF2900C16571 /* Frameworks */,
				2CBC89482E33EF2900C16571 /* Resources */,
			);
			buildRules = (
			);
			dependencies = (
			);
			fileSystemSynchronizedGroups = (
				2CBC894C2E33EF2900C16571 /* BirthdayApp */,
			);
			name = BirthdayApp;
			packageProductDependencies = (
			);
			productName = BirthdayApp;
			productReference = 2CBC894A2E33EF2900C16571 /* BirthdayApp.app */;
			productType = "com.apple.product-type.application";
		};
		2CBC89562E33EF2B00C16571 /* BirthdayAppTests */ = {
			isa = PBXNativeTarget;
			buildConfigurationList = 2CBC896E2E33EF2B00C16571 /* Build configuration list for PBXNativeTarget "BirthdayAppTests" */;
			buildPhases = (
				2CBC89532E33EF2B00C16571 /* Sources */,
				2CBC89542E33EF2B00C16571 /* Frameworks */,
				2CBC89552E33EF2B00C16571 /* Resources */,
			);
			buildRules = (
			);
			dependencies = (
				2CBC89592E33EF2B00C16571 /* PBXTargetDependency */,
			);
			fileSystemSynchronizedGroups = (
				2CBC895A2E33EF2B00C16571 /* BirthdayAppTests */,
			);
			name = BirthdayAppTests;
			packageProductDependencies = (
			);
			productName = BirthdayAppTests;
			productReference = 2CBC89572E33EF2B00C16571 /* BirthdayAppTests.xctest */;
			productType = "com.apple.product-type.bundle.unit-test";
		};
		2CBC89602E33EF2B00C16571 /* BirthdayAppUITests */ = {
			isa = PBXNativeTarget;
			buildConfigurationList = 2CBC89712E33EF2B00C16571 /* Build configuration list for PBXNativeTarget "BirthdayAppUITests" */;
			buildPhases = (
				2CBC895D2E33EF2B00C16571 /* Sources */,
				2CBC895E2E33EF2B00C16571 /* Frameworks */,
				2CBC895F2E33EF2B00C16571 /* Resources */,
			);
			buildRules = (
			);
			dependencies = (
				2CBC89632E33EF2B00C16571 /* PBXTargetDependency */,
			);
			fileSystemSynchronizedGroups = (
				2CBC89642E33EF2B00C16571 /* BirthdayAppUITests */,
			);
			name = BirthdayAppUITests;
			packageProductDependencies = (
			);
			productName = BirthdayAppUITests;
			productReference = 2CBC89612E33EF2B00C16571 /* BirthdayAppUITests.xctest */;
			productType = "com.apple.product-type.bundle.ui-testing";
		};
/* End PBXNativeTarget section */

/* Begin PBXProject section */
		2CBC89422E33EF2800C16571 /* Project object */ = {
			isa = PBXProject;
			attributes = {
				BuildIndependentTargetsInParallel = 1;
				LastSwiftUpdateCheck = 1640;
				LastUpgradeCheck = 1640;
				TargetAttributes = {
					2CBC89492E33EF2900C16571 = {
						CreatedOnToolsVersion = 16.4;
					};
					2CBC89562E33EF2B00C16571 = {
						CreatedOnToolsVersion = 16.4;
						TestTargetID = 2CBC89492E33EF2900C16571;
					};
					2CBC89602E33EF2B00C16571 = {
						CreatedOnToolsVersion = 16.4;
						TestTargetID = 2CBC89492E33EF2900C16571;
					};
				};
			};
			buildConfigurationList = 2CBC89452E33EF2800C16571 /* Build configuration list for PBXProject "BirthdayApp" */;
			developmentRegion = en;
			hasScannedForEncodings = 0;
			knownRegions = (
				en,
				Base,
			);
			mainGroup = 2CBC89412E33EF2800C16571;
			minimizedProjectReferenceProxies = 1;
			preferredProjectObjectVersion = 77;
			productRefGroup = 2CBC894B2E33EF2900C16571 /* Products */;
			projectDirPath = "";
			projectRoot = "";
			targets = (
				2CBC89492E33EF2900C16571 /* BirthdayApp */,
				2CBC89562E33EF2B00C16571 /* BirthdayAppTests */,
				2CBC89602E33EF2B00C16571 /* BirthdayAppUITests */,
			);
		};
/* End PBXProject section */

/* Begin PBXResourcesBuildPhase section */
		2CBC89482E33EF2900C16571 /* Resources */ = {
			isa = PBXResourcesBuildPhase;
			buildActionMask = 2147483647;
			files = (
			);
			runOnlyForDeploymentPostprocessing = 0;
		};
		2CBC89552E33EF2B00C16571 /* Resources */ = {
			isa = PBXResourcesBuildPhase;
			buildActionMask = 2147483647;
			files = (
			);
			runOnlyForDeploymentPostprocessing = 0;
		};
		2CBC895F2E33EF2B00C16571 /* Resources */ = {
			isa = PBXResourcesBuildPhase;
			buildActionMask = 2147483647;
			files = (
			);
			runOnlyForDeploymentPostprocessing = 0;
		};
/* End PBXResourcesBuildPhase section */

/* Begin PBXSourcesBuildPhase section */
		2CBC89462E33EF2900C16571 /* Sources */ = {
			isa = PBXSourcesBuildPhase;
			buildActionMask = 2147483647;
			files = (
				2CBC89752E33EFA700C16571 /* Friend.swift in Sources */,
			);
			runOnlyForDeploymentPostprocessing = 0;
		};
		2CBC89532E33EF2B00C16571 /* Sources */ = {
			isa = PBXSourcesBuildPhase;
			buildActionMask = 2147483647;
			files = (
			);
			runOnlyForDeploymentPostprocessing = 0;
		};
		2CBC895D2E33EF2B00C16571 /* Sources */ = {
			isa = PBXSourcesBuildPhase;
			buildActionMask = 2147483647;
			files = (
			);
			runOnlyForDeploymentPostprocessing = 0;
		};
/* End PBXSourcesBuildPhase section */

/* Begin PBXTargetDependency section */
		2CBC89592E33EF2B00C16571 /* PBXTargetDependency */ = {
			isa = PBXTargetDependency;
			target = 2CBC89492E33EF2900C16571 /* BirthdayApp */;
			targetProxy = 2CBC89582E33EF2B00C16571 /* PBXContainerItemProxy */;
		};
		2CBC89632E33EF2B00C16571 /* PBXTargetDependency */ = {
			isa = PBXTargetDependency;
			target = 2CBC89492E33EF2900C16571 /* BirthdayApp */;
			targetProxy = 2CBC89622E33EF2B00C16571 /* PBXContainerItemProxy */;
		};
/* End PBXTargetDependency section */

/* Begin XCBuildConfiguration section */
		2CBC89692E33EF2B00C16571 /* Debug */ = {
			isa = XCBuildConfiguration;
			buildSettings = {
				ALWAYS_SEARCH_USER_PATHS = NO;
				ASSETCATALOG_COMPILER_GENERATE_SWIFT_ASSET_SYMBOL_EXTENSIONS = YES;
				CLANG_ANALYZER_NONNULL = YES;
				CLANG_ANALYZER_NUMBER_OBJECT_CONVERSION = YES_AGGRESSIVE;
				CLANG_CXX_LANGUAGE_STANDARD = "gnu++20";
				CLANG_ENABLE_MODULES = YES;
				CLANG_ENABLE_OBJC_ARC = YES;
				CLANG_ENABLE_OBJC_WEAK = YES;
				CLANG_WARN_BLOCK_CAPTURE_AUTORELEASING = YES;
				CLANG_WARN_BOOL_CONVERSION = YES;
				CLANG_WARN_COMMA = YES;
				CLANG_WARN_CONSTANT_CONVERSION = YES;
				CLANG_WARN_DEPRECATED_OBJC_IMPLEMENTATIONS = YES;
				CLANG_WARN_DIRECT_OBJC_ISA_USAGE = YES_ERROR;
				CLANG_WARN_DOCUMENTATION_COMMENTS = YES;
				CLANG_WARN_EMPTY_BODY = YES;
				CLANG_WARN_ENUM_CONVERSION = YES;
				CLANG_WARN_INFINITE_RECURSION = YES;
				CLANG_WARN_INT_CONVERSION = YES;
				CLANG_WARN_NON_LITERAL_NULL_CONVERSION = YES;
				CLANG_WARN_OBJC_IMPLICIT_RETAIN_SELF = YES;
				CLANG_WARN_OBJC_LITERAL_CONVERSION = YES;
				CLANG_WARN_OBJC_ROOT_CLASS = YES_ERROR;
				CLANG_WARN_QUOTED_INCLUDE_IN_FRAMEWORK_HEADER = YES;
				CLANG_WARN_RANGE_LOOP_ANALYSIS = YES;
				CLANG_WARN_STRICT_PROTOTYPES = YES;
				CLANG_WARN_SUSPICIOUS_MOVE = YES;
				CLANG_WARN_UNGUARDED_AVAILABILITY = YES_AGGRESSIVE;
				CLANG_WARN_UNREACHABLE_CODE = YES;
				CLANG_WARN__DUPLICATE_METHOD_MATCH = YES;
				COPY_PHASE_STRIP = NO;
				DEBUG_INFORMATION_FORMAT = dwarf;
				ENABLE_STRICT_OBJC_MSGSEND = YES;
				ENABLE_TESTABILITY = YES;
				ENABLE_USER_SCRIPT_SANDBOXING = YES;
				GCC_C_LANGUAGE_STANDARD = gnu17;
				GCC_DYNAMIC_NO_PIC = NO;
				GCC_NO_COMMON_BLOCKS = YES;
				GCC_OPTIMIZATION_LEVEL = 0;
				GCC_PREPROCESSOR_DEFINITIONS = (
					"DEBUG=1",
					"$(inherited)",
				);
				GCC_WARN_64_TO_32_BIT_CONVERSION = YES;
				GCC_WARN_ABOUT_RETURN_TYPE = YES_ERROR;
				GCC_WARN_UNDECLARED_SELECTOR = YES;
				GCC_WARN_UNINITIALIZED_AUTOS = YES_AGGRESSIVE;
				GCC_WARN_UNUSED_FUNCTION = YES;
				GCC_WARN_UNUSED_VARIABLE = YES;
				IPHONEOS_DEPLOYMENT_TARGET = 18.5;
				LOCALIZATION_PREFERS_STRING_CATALOGS = YES;
				MTL_ENABLE_DEBUG_INFO = INCLUDE_SOURCE;
				MTL_FAST_MATH = YES;
				ONLY_ACTIVE_ARCH = YES;
				SDKROOT = iphoneos;
				SWIFT_ACTIVE_COMPILATION_CONDITIONS = "DEBUG $(inherited)";
				SWIFT_OPTIMIZATION_LEVEL = "-Onone";
			};
			name = Debug;
		};
		2CBC896A2E33EF2B00C16571 /* Release */ = {
			isa = XCBuildConfiguration;
			buildSettings = {
				ALWAYS_SEARCH_USER_PATHS = NO;
				ASSETCATALOG_COMPILER_GENERATE_SWIFT_ASSET_SYMBOL_EXTENSIONS = YES;
				CLANG_ANALYZER_NONNULL = YES;
				CLANG_ANALYZER_NUMBER_OBJECT_CONVERSION = YES_AGGRESSIVE;
				CLANG_CXX_LANGUAGE_STANDARD = "gnu++20";
				CLANG_ENABLE_MODULES = YES;
				CLANG_ENABLE_OBJC_ARC = YES;
				CLANG_ENABLE_OBJC_WEAK = YES;
				CLANG_WARN_BLOCK_CAPTURE_AUTORELEASING = YES;
				CLANG_WARN_BOOL_CONVERSION = YES;
				CLANG_WARN_COMMA = YES;
				CLANG_WARN_CONSTANT_CONVERSION = YES;
				CLANG_WARN_DEPRECATED_OBJC_IMPLEMENTATIONS = YES;
				CLANG_WARN_DIRECT_OBJC_ISA_USAGE = YES_ERROR;
				CLANG_WARN_DOCUMENTATION_COMMENTS = YES;
				CLANG_WARN_EMPTY_BODY = YES;
				CLANG_WARN_ENUM_CONVERSION = YES;
				CLANG_WARN_INFINITE_RECURSION = YES;
				CLANG_WARN_INT_CONVERSION = YES;
				CLANG_WARN_NON_LITERAL_NULL_CONVERSION = YES;
				CLANG_WARN_OBJC_IMPLICIT_RETAIN_SELF = YES;
				CLANG_WARN_OBJC_LITERAL_CONVERSION = YES;
				CLANG_WARN_OBJC_ROOT_CLASS = YES_ERROR;
				CLANG_WARN_QUOTED_INCLUDE_IN_FRAMEWORK_HEADER = YES;
				CLANG_WARN_RANGE_LOOP_ANALYSIS = YES;
				CLANG_WARN_STRICT_PROTOTYPES = YES;
				CLANG_WARN_SUSPICIOUS_MOVE = YES;
				CLANG_WARN_UNGUARDED_AVAILABILITY = YES_AGGRESSIVE;
				CLANG_WARN_UNREACHABLE_CODE = YES;
				CLANG_WARN__DUPLICATE_METHOD_MATCH = YES;
				COPY_PHASE_STRIP = NO;
				DEBUG_INFORMATION_FORMAT = "dwarf-with-dsym";
				ENABLE_NS_ASSERTIONS = NO;
				ENABLE_STRICT_OBJC_MSGSEND = YES;
				ENABLE_USER_SCRIPT_SANDBOXING = YES;
				GCC_C_LANGUAGE_STANDARD = gnu17;
				GCC_NO_COMMON_BLOCKS = YES;
				GCC_WARN_64_TO_32_BIT_CONVERSION = YES;
				GCC_WARN_ABOUT_RETURN_TYPE = YES_ERROR;
				GCC_WARN_UNDECLARED_SELECTOR = YES;
				GCC_WARN_UNINITIALIZED_AUTOS = YES_AGGRESSIVE;
				GCC_WARN_UNUSED_FUNCTION = YES;
				GCC_WARN_UNUSED_VARIABLE = YES;
				IPHONEOS_DEPLOYMENT_TARGET = 18.5;
				LOCALIZATION_PREFERS_STRING_CATALOGS = YES;
				MTL_ENABLE_DEBUG_INFO = NO;
				MTL_FAST_MATH = YES;
				SDKROOT = iphoneos;
				SWIFT_COMPILATION_MODE = wholemodule;
				VALIDATE_PRODUCT = YES;
			};
			name = Release;
		};
		2CBC896C2E33EF2B00C16571 /* Debug */ = {
			isa = XCBuildConfiguration;
			buildSettings = {
				ASSETCATALOG_COMPILER_APPICON_NAME = AppIcon;
				ASSETCATALOG_COMPILER_GLOBAL_ACCENT_COLOR_NAME = AccentColor;
				CODE_SIGN_STYLE = Automatic;
				CURRENT_PROJECT_VERSION = 1;
				ENABLE_PREVIEWS = YES;
				GENERATE_INFOPLIST_FILE = YES;
				INFOPLIST_KEY_UIApplicationSceneManifest_Generation = YES;
				INFOPLIST_KEY_UIApplicationSupportsIndirectInputEvents = YES;
				INFOPLIST_KEY_UILaunchScreen_Generation = YES;
				INFOPLIST_KEY_UISupportedInterfaceOrientations_iPad = "UIInterfaceOrientationPortrait UIInterfaceOrientationPortraitUpsideDown UIInterfaceOrientationLandscapeLeft UIInterfaceOrientationLandscapeRight";
				INFOPLIST_KEY_UISupportedInterfaceOrientations_iPhone = "UIInterfaceOrientationPortrait UIInterfaceOrientationLandscapeLeft UIInterfaceOrientationLandscapeRight";
				LD_RUNPATH_SEARCH_PATHS = (
					"$(inherited)",
					"@executable_path/Frameworks",
				);
				MARKETING_VERSION = 1.0;
				PRODUCT_BUNDLE_IDENTIFIER = kwk2025.BirthdayApp;
				PRODUCT_NAME = "$(TARGET_NAME)";
				SWIFT_EMIT_LOC_STRINGS = YES;
				SWIFT_VERSION = 5.0;
				TARGETED_DEVICE_FAMILY = "1,2";
			};
			name = Debug;
		};
		2CBC896D2E33EF2B00C16571 /* Release */ = {
			isa = XCBuildConfiguration;
			buildSettings = {
				ASSETCATALOG_COMPILER_APPICON_NAME = AppIcon;
				ASSETCATALOG_COMPILER_GLOBAL_ACCENT_COLOR_NAME = AccentColor;
				CODE_SIGN_STYLE = Automatic;
				CURRENT_PROJECT_VERSION = 1;
				ENABLE_PREVIEWS = YES;
				GENERATE_INFOPLIST_FILE = YES;
				INFOPLIST_KEY_UIApplicationSceneManifest_Generation = YES;
				INFOPLIST_KEY_UIApplicationSupportsIndirectInputEvents = YES;
				INFOPLIST_KEY_UILaunchScreen_Generation = YES;
				INFOPLIST_KEY_UISupportedInterfaceOrientations_iPad = "UIInterfaceOrientationPortrait UIInterfaceOrientationPortraitUpsideDown UIInterfaceOrientationLandscapeLeft UIInterfaceOrientationLandscapeRight";
				INFOPLIST_KEY_UISupportedInterfaceOrientations_iPhone = "UIInterfaceOrientationPortrait UIInterfaceOrientationLandscapeLeft UIInterfaceOrientationLandscapeRight";
				LD_RUNPATH_SEARCH_PATHS = (
					"$(inherited)",
					"@executable_path/Frameworks",
				);
				MARKETING_VERSION = 1.0;
				PRODUCT_BUNDLE_IDENTIFIER = kwk2025.BirthdayApp;
				PRODUCT_NAME = "$(TARGET_NAME)";
				SWIFT_EMIT_LOC_STRINGS = YES;
				SWIFT_VERSION = 5.0;
				TARGETED_DEVICE_FAMILY = "1,2";
			};
			name = Release;
		};
		2CBC896F2E33EF2B00C16571 /* Debug */ = {
			isa = XCBuildConfiguration;
			buildSettings = {
				BUNDLE_LOADER = "$(TEST_HOST)";
				CODE_SIGN_STYLE = Automatic;
				CURRENT_PROJECT_VERSION = 1;
				GENERATE_INFOPLIST_FILE = YES;
				IPHONEOS_DEPLOYMENT_TARGET = 18.5;
				MARKETING_VERSION = 1.0;
				PRODUCT_BUNDLE_IDENTIFIER = kwk2025.BirthdayAppTests;
				PRODUCT_NAME = "$(TARGET_NAME)";
				SWIFT_EMIT_LOC_STRINGS = NO;
				SWIFT_VERSION = 5.0;
				TARGETED_DEVICE_FAMILY = "1,2";
				TEST_HOST = "$(BUILT_PRODUCTS_DIR)/BirthdayApp.app/$(BUNDLE_EXECUTABLE_FOLDER_PATH)/BirthdayApp";
			};
			name = Debug;
		};
		2CBC89702E33EF2B00C16571 /* Release */ = {
			isa = XCBuildConfiguration;
			buildSettings = {
				BUNDLE_LOADER = "$(TEST_HOST)";
				CODE_SIGN_STYLE = Automatic;
				CURRENT_PROJECT_VERSION = 1;
				GENERATE_INFOPLIST_FILE = YES;
				IPHONEOS_DEPLOYMENT_TARGET = 18.5;
				MARKETING_VERSION = 1.0;
				PRODUCT_BUNDLE_IDENTIFIER = kwk2025.BirthdayAppTests;
				PRODUCT_NAME = "$(TARGET_NAME)";
				SWIFT_EMIT_LOC_STRINGS = NO;
				SWIFT_VERSION = 5.0;
				TARGETED_DEVICE_FAMILY = "1,2";
				TEST_HOST = "$(BUILT_PRODUCTS_DIR)/BirthdayApp.app/$(BUNDLE_EXECUTABLE_FOLDER_PATH)/BirthdayApp";
			};
			name = Release;
		};
		2CBC89722E33EF2B00C16571 /* Debug */ = {
			isa = XCBuildConfiguration;
			buildSettings = {
				CODE_SIGN_STYLE = Automatic;
				CURRENT_PROJECT_VERSION = 1;
				GENERATE_INFOPLIST_FILE = YES;
				MARKETING_VERSION = 1.0;
				PRODUCT_BUNDLE_IDENTIFIER = kwk2025.BirthdayAppUITests;
				PRODUCT_NAME = "$(TARGET_NAME)";
				SWIFT_EMIT_LOC_STRINGS = NO;
				SWIFT_VERSION = 5.0;
				TARGETED_DEVICE_FAMILY = "1,2";
				TEST_TARGET_NAME = BirthdayApp;
			};
			name = Debug;
		};
		2CBC89732E33EF2B00C16571 /* Release */ = {
			isa = XCBuildConfiguration;
			buildSettings = {
				CODE_SIGN_STYLE = Automatic;
				CURRENT_PROJECT_VERSION = 1;
				GENERATE_INFOPLIST_FILE = YES;
				MARKETING_VERSION = 1.0;
				PRODUCT_BUNDLE_IDENTIFIER = kwk2025.BirthdayAppUITests;
				PRODUCT_NAME = "$(TARGET_NAME)";
				SWIFT_EMIT_LOC_STRINGS = NO;
				SWIFT_VERSION = 5.0;
				TARGETED_DEVICE_FAMILY = "1,2";
				TEST_TARGET_NAME = BirthdayApp;
			};
			name = Release;
		};
/* End XCBuildConfiguration section */

/* Begin XCConfigurationList section */
		2CBC89452E33EF2800C16571 /* Build configuration list for PBXProject "BirthdayApp" */ = {
			isa = XCConfigurationList;
			buildConfigurations = (
				2CBC89692E33EF2B00C16571 /* Debug */,
				2CBC896A2E33EF2B00C16571 /* Release */,
			);
			defaultConfigurationIsVisible = 0;
			defaultConfigurationName = Release;
		};
		2CBC896B2E33EF2B00C16571 /* Build configuration list for PBXNativeTarget "BirthdayApp" */ = {
			isa = XCConfigurationList;
			buildConfigurations = (
				2CBC896C2E33EF2B00C16571 /* Debug */,
				2CBC896D2E33EF2B00C16571 /* Release */,
			);
			defaultConfigurationIsVisible = 0;
			defaultConfigurationName = Release;
		};
		2CBC896E2E33EF2B00C16571 /* Build configuration list for PBXNativeTarget "BirthdayAppTests" */ = {
			isa = XCConfigurationList;
			buildConfigurations = (
				2CBC896F2E33EF2B00C16571 /* Debug */,
				2CBC89702E33EF2B00C16571 /* Release */,
			);
			defaultConfigurationIsVisible = 0;
			defaultConfigurationName = Release;
		};
		2CBC89712E33EF2B00C16571 /* Build configuration list for PBXNativeTarget "BirthdayAppUITests" */ = {
			isa = XCConfigurationList;
			buildConfigurations = (
				2CBC89722E33EF2B00C16571 /* Debug */,
				2CBC89732E33EF2B00C16571 /* Release */,
			);
			defaultConfigurationIsVisible = 0;
			defaultConfigurationName = Release;
		};
/* End XCConfigurationList section */
	};
	rootObject = 2CBC89422E33EF2800C16571 /* Project object */;
}
